
Microsoft Visual Studio Solution File, Format Version 12.00
# Visual Studio Version 17
VisualStudioVersion = 17.3.32929.385
MinimumVisualStudioVersion = 10.0.40219.1
Project("{FAE04EC0-301F-11D3-BF4B-00C04F79EFBC}") = "TLOU PSARC Tool", "TLOU PSARC Tool\TLOU PSARC Tool.csproj", "{D20702AE-6A80-4CDF-80A1-12FE9E4C83FC}"
EndProject
Global
	GlobalSection(SolutionConfigurationPlatforms) = preSolution
		Debug|Any CPU = Debug|Any CPU
		Release|Any CPU = Release|Any CPU
	EndGlobalSection
	GlobalSection(ProjectConfigurationPlatforms) = postSolution
		{D20702AE-6A80-4CDF-80A1-12FE9E4C83FC}.Debug|Any CPU.ActiveCfg = Debug|Any CPU
		{D20702AE-6A80-4CDF-80A1-12FE9E4C83FC}.Debug|Any CPU.Build.0 = Debug|Any CPU
		{D20702AE-6A80-4CDF-80A1-12FE9E4C83FC}.Release|Any CPU.ActiveCfg = Release|Any CPU
		{D20702AE-6A80-4CDF-80A1-12FE9E4C83FC}.Release|Any CPU.Build.0 = Release|Any CPU
	EndGlobalSection
	GlobalSection(SolutionProperties) = preSolution
		HideSolutionNode = FALSE
	EndGlobalSection
	GlobalSection(ExtensibilityGlobals) = postSolution
		SolutionGuid = {969D89C4-653C-47F8-AE60-B31298CE0B60}
	EndGlobalSection
EndGlobal
